
Microsoft Visual Studio Solution File, Format Version 12.00
# Visual Studio Version 17
VisualStudioVersion = 17.0.31912.275
MinimumVisualStudioVersion = 10.0.40219.1
Project("{FAE04EC0-301F-11D3-BF4B-00C04F79EFBC}") = "Lab_4", "Lab_4.csproj", "{F52D40AE-362F-4C1A-90CE-A720F7307687}"
EndProject
Global
	GlobalSection(SolutionConfigurationPlatforms) = preSolution
		Debug|Any CPU = Debug|Any CPU
		Release|Any CPU = Release|Any CPU
	EndGlobalSection
	GlobalSection(ProjectConfigurationPlatforms) = postSolution
		{F52D40AE-362F-4C1A-90CE-A720F7307687}.Debug|Any CPU.ActiveCfg = Debug|Any CPU
		{F52D40AE-362F-4C1A-90CE-A720F7307687}.Debug|Any CPU.Build.0 = Debug|Any CPU
		{F52D40AE-362F-4C1A-90CE-A720F7307687}.Release|Any CPU.ActiveCfg = Release|Any CPU
		{F52D40AE-362F-4C1A-90CE-A720F7307687}.Release|Any CPU.Build.0 = Release|Any CPU
	EndGlobalSection
	GlobalSection(SolutionProperties) = preSolution
		HideSolutionNode = FALSE
	EndGlobalSection
	GlobalSection(ExtensibilityGlobals) = postSolution
		SolutionGuid = {F11CA81B-92B0-4D7F-A1FF-357E507C3103}
	EndGlobalSection
EndGlobal
