
Microsoft Visual Studio Solution File, Format Version 12.00
# Visual Studio Version 17
VisualStudioVersion = 17.0.32126.317
MinimumVisualStudioVersion = 10.0.40219.1
Project("{FAE04EC0-301F-11D3-BF4B-00C04F79EFBC}") = "Lab", "Lab.csproj", "{6DD144AA-66AB-4812-A37F-B8F1AAE97698}"
EndProject
Global
	GlobalSection(SolutionConfigurationPlatforms) = preSolution
		Debug|Any CPU = Debug|Any CPU
		Release|Any CPU = Release|Any CPU
	EndGlobalSection
	GlobalSection(ProjectConfigurationPlatforms) = postSolution
		{6DD144AA-66AB-4812-A37F-B8F1AAE97698}.Debug|Any CPU.ActiveCfg = Debug|Any CPU
		{6DD144AA-66AB-4812-A37F-B8F1AAE97698}.Debug|Any CPU.Build.0 = Debug|Any CPU
		{6DD144AA-66AB-4812-A37F-B8F1AAE97698}.Release|Any CPU.ActiveCfg = Release|Any CPU
		{6DD144AA-66AB-4812-A37F-B8F1AAE97698}.Release|Any CPU.Build.0 = Release|Any CPU
	EndGlobalSection
	GlobalSection(SolutionProperties) = preSolution
		HideSolutionNode = FALSE
	EndGlobalSection
	GlobalSection(ExtensibilityGlobals) = postSolution
		SolutionGuid = {1EEDE03D-76C2-49A9-B109-9B53F296D875}
	EndGlobalSection
EndGlobal
